
Microsoft Visual Studio Solution File, Format Version 12.00
# Visual Studio Version 17
VisualStudioVersion = 17.9.34728.123
MinimumVisualStudioVersion = 10.0.40219.1
Project("{9A19103F-16F7-4668-BE54-9A1E7A4F7556}") = "HomeAutomation", "HomeAutomation\HomeAutomation.csproj", "{E8951FA3-9EB1-43E7-8934-5E009BFF6789}"
EndProject
Project("{9A19103F-16F7-4668-BE54-9A1E7A4F7556}") = "HomeAutomation.Client", "HomeAutomation.Client\HomeAutomation.Client.csproj", "{0B61D231-9ACD-44FB-9D1D-DAD74F30A640}"
EndProject
Project("{FAE04EC0-301F-11D3-BF4B-00C04F79EFBC}") = "HomeAutomation.Core", "HomeAutomation.Core\HomeAutomation.Core.csproj", "{54E692DF-01AA-4471-8C6B-1CDDDE63C7F2}"
EndProject
Global
	GlobalSection(SolutionConfigurationPlatforms) = preSolution
		Debug|Any CPU = Debug|Any CPU
		Release|Any CPU = Release|Any CPU
	EndGlobalSection
	GlobalSection(ProjectConfigurationPlatforms) = postSolution
		{E8951FA3-9EB1-43E7-8934-5E009BFF6789}.Debug|Any CPU.ActiveCfg = Debug|Any CPU
		{E8951FA3-9EB1-43E7-8934-5E009BFF6789}.Debug|Any CPU.Build.0 = Debug|Any CPU
		{E8951FA3-9EB1-43E7-8934-5E009BFF6789}.Release|Any CPU.ActiveCfg = Release|Any CPU
		{E8951FA3-9EB1-43E7-8934-5E009BFF6789}.Release|Any CPU.Build.0 = Release|Any CPU
		{0B61D231-9ACD-44FB-9D1D-DAD74F30A640}.Debug|Any CPU.ActiveCfg = Debug|Any CPU
		{0B61D231-9ACD-44FB-9D1D-DAD74F30A640}.Debug|Any CPU.Build.0 = Debug|Any CPU
		{0B61D231-9ACD-44FB-9D1D-DAD74F30A640}.Release|Any CPU.ActiveCfg = Release|Any CPU
		{0B61D231-9ACD-44FB-9D1D-DAD74F30A640}.Release|Any CPU.Build.0 = Release|Any CPU
		{54E692DF-01AA-4471-8C6B-1CDDDE63C7F2}.Debug|Any CPU.ActiveCfg = Debug|Any CPU
		{54E692DF-01AA-4471-8C6B-1CDDDE63C7F2}.Debug|Any CPU.Build.0 = Debug|Any CPU
		{54E692DF-01AA-4471-8C6B-1CDDDE63C7F2}.Release|Any CPU.ActiveCfg = Release|Any CPU
		{54E692DF-01AA-4471-8C6B-1CDDDE63C7F2}.Release|Any CPU.Build.0 = Release|Any CPU
	EndGlobalSection
	GlobalSection(SolutionProperties) = preSolution
		HideSolutionNode = FALSE
	EndGlobalSection
	GlobalSection(ExtensibilityGlobals) = postSolution
		SolutionGuid = {6F2B2F2E-6533-4BDC-8323-F756E562ADCB}
	EndGlobalSection
EndGlobal
