
Microsoft Visual Studio Solution File, Format Version 12.00
# Visual Studio 15
VisualStudioVersion = 15.0.27428.2015
MinimumVisualStudioVersion = 10.0.40219.1
Project("{9A19103F-16F7-4668-BE54-9A1E7A4F7556}") = "HomeAutomation", "HomeAutomation\HomeAutomation.csproj", "{C413B65D-FEF5-4858-8DC1-837DFC7B8498}"
EndProject
Global
	GlobalSection(SolutionConfigurationPlatforms) = preSolution
		Debug|Any CPU = Debug|Any CPU
		Release|Any CPU = Release|Any CPU
	EndGlobalSection
	GlobalSection(ProjectConfigurationPlatforms) = postSolution
		{C413B65D-FEF5-4858-8DC1-837DFC7B8498}.Debug|Any CPU.ActiveCfg = Debug|Any CPU
		{C413B65D-FEF5-4858-8DC1-837DFC7B8498}.Debug|Any CPU.Build.0 = Debug|Any CPU
		{C413B65D-FEF5-4858-8DC1-837DFC7B8498}.Release|Any CPU.ActiveCfg = Release|Any CPU
		{C413B65D-FEF5-4858-8DC1-837DFC7B8498}.Release|Any CPU.Build.0 = Release|Any CPU
	EndGlobalSection
	GlobalSection(SolutionProperties) = preSolution
		HideSolutionNode = FALSE
	EndGlobalSection
	GlobalSection(ExtensibilityGlobals) = postSolution
		VisualSVNWorkingCopyRoot = .
		SolutionGuid = {B2E624D1-40E3-4AE1-8E96-B7352A2887AF}
	EndGlobalSection
EndGlobal
